
Microsoft Visual Studio Solution File, Format Version 12.00
# Visual Studio 15
VisualStudioVersion = 15.0.27703.2035
MinimumVisualStudioVersion = 10.0.40219.1
Project("{FAE04EC0-301F-11D3-BF4B-00C04F79EFBC}") = "DesktopApp1", "DesktopApp1\DesktopApp1.csproj", "{9C636C47-80EC-410F-8733-7C313B761F41}"
EndProject
Global
	GlobalSection(SolutionConfigurationPlatforms) = preSolution
		Debug|Any CPU = Debug|Any CPU
		Release|Any CPU = Release|Any CPU
	EndGlobalSection
	GlobalSection(ProjectConfigurationPlatforms) = postSolution
		{9C636C47-80EC-410F-8733-7C313B761F41}.Debug|Any CPU.ActiveCfg = Debug|Any CPU
		{9C636C47-80EC-410F-8733-7C313B761F41}.Debug|Any CPU.Build.0 = Debug|Any CPU
		{9C636C47-80EC-410F-8733-7C313B761F41}.Release|Any CPU.ActiveCfg = Release|Any CPU
		{9C636C47-80EC-410F-8733-7C313B761F41}.Release|Any CPU.Build.0 = Release|Any CPU
	EndGlobalSection
	GlobalSection(SolutionProperties) = preSolution
		HideSolutionNode = FALSE
	EndGlobalSection
	GlobalSection(ExtensibilityGlobals) = postSolution
		SolutionGuid = {FB216789-FE33-4CF2-B730-2333CAA1D643}
	EndGlobalSection
EndGlobal
